
Microsoft Visual Studio Solution File, Format Version 12.00
# Visual Studio Version 16
VisualStudioVersion = 16.0.30611.23
MinimumVisualStudioVersion = 10.0.40219.1
Project("{FAE04EC0-301F-11D3-BF4B-00C04F79EFBC}") = "Vidly_6", "Vidly_6\Vidly_6.csproj", "{961368C9-37EC-4A36-944E-372A1E84B287}"
EndProject
Global
	GlobalSection(SolutionConfigurationPlatforms) = preSolution
		Debug|Any CPU = Debug|Any CPU
		Release|Any CPU = Release|Any CPU
	EndGlobalSection
	GlobalSection(ProjectConfigurationPlatforms) = postSolution
		{961368C9-37EC-4A36-944E-372A1E84B287}.Debug|Any CPU.ActiveCfg = Debug|Any CPU
		{961368C9-37EC-4A36-944E-372A1E84B287}.Debug|Any CPU.Build.0 = Debug|Any CPU
		{961368C9-37EC-4A36-944E-372A1E84B287}.Release|Any CPU.ActiveCfg = Release|Any CPU
		{961368C9-37EC-4A36-944E-372A1E84B287}.Release|Any CPU.Build.0 = Release|Any CPU
	EndGlobalSection
	GlobalSection(SolutionProperties) = preSolution
		HideSolutionNode = FALSE
	EndGlobalSection
	GlobalSection(ExtensibilityGlobals) = postSolution
		SolutionGuid = {5D3AB95B-3D96-4A14-BC83-F04AFA0BEC48}
	EndGlobalSection
EndGlobal
